// !$*UTF8*$!
{
	archiveVersion = 1;
	classes = {
	};
	objectVersion = 54;
	objects = {

/* Begin PBXBuildFile section */
		2AA47D1B2369D89200104FD5 /* QRScanner.storyboard in Resources */ = {isa = PBXBuildFile; fileRef = 2AA47D1A2369D89200104FD5 /* QRScanner.storyboard */; };
		525086D02739F48E00CBDA45 /* Console.swift in Sources */ = {isa = PBXBuildFile; fileRef = 525086CC2739F48E00CBDA45 /* Console.swift */; };
		525086D22739F48E00CBDA45 /* ConsoleViewController.swift in Sources */ = {isa = PBXBuildFile; fileRef = 525086CD2739F48E00CBDA45 /* ConsoleViewController.swift */; };
		525086D42739F48E00CBDA45 /* LoggingConsoleViewController.swift in Sources */ = {isa = PBXBuildFile; fileRef = 525086CE2739F48E00CBDA45 /* LoggingConsoleViewController.swift */; };
		525086D62739F48E00CBDA45 /* ConsoleViewController.xib in Resources */ = {isa = PBXBuildFile; fileRef = 525086CF2739F48E00CBDA45 /* ConsoleViewController.xib */; };
		7A45DCAD282A407100F48B34 /* MarketplaceSDKInitializer.swift in Sources */ = {isa = PBXBuildFile; fileRef = 7A45DCAC282A407100F48B34 /* MarketplaceSDKInitializer.swift */; };
		7A8057F028C6622B00781158 /* SDKBiddingFactory.swift in Sources */ = {isa = PBXBuildFile; fileRef = 7A8057EF28C6622B00781158 /* SDKBiddingFactory.swift */; };
		7A941FAA2830D4E500BB98FF /* Constants.swift in Sources */ = {isa = PBXBuildFile; fileRef = 7A941FA92830D4E500BB98FF /* Constants.swift */; };
		7AC0C976282015760082D862 /* MenuBaseViewController.swift in Sources */ = {isa = PBXBuildFile; fileRef = 7AC0C975282015760082D862 /* MenuBaseViewController.swift */; };
		84C17899257B102B00702557 /* Stub.swift in Sources */ = {isa = PBXBuildFile; fileRef = 84C17898257B102B00702557 /* Stub.swift */; };
		891BAB00969B42C014F88975 /* IASDKCore.xcframework in Frameworks */ = {isa = PBXBuildFile; fileRef = 6F3764D386488DACED04BB14 /* IASDKCore.xcframework */; };
		9A0E962F27A92D6C00504D12 /* AdViewState.swift in Sources */ = {isa = PBXBuildFile; fileRef = 9A0E962E27A92D6C00504D12 /* AdViewState.swift */; };
		9A24A27126DE215E00251686 /* UIViewController+UIAlertController.swift in Sources */ = {isa = PBXBuildFile; fileRef = 9A24A27026DE215E00251686 /* UIViewController+UIAlertController.swift */; };
		9A2CC3002785BF2A0015685A /* AdViewControllerContentState.swift in Sources */ = {isa = PBXBuildFile; fileRef = 9A2CC2FF2785BF2A0015685A /* AdViewControllerContentState.swift */; };
		9A336C95281FCC3100092C50 /* Router.swift in Sources */ = {isa = PBXBuildFile; fileRef = 9A336C94281FCC3100092C50 /* Router.swift */; };
		9A348DF2271C28CE005CB0DF /* SaveAdsViewController.swift in Sources */ = {isa = PBXBuildFile; fileRef = 9A348DF1271C28CD005CB0DF /* SaveAdsViewController.swift */; };
		9A3F9400270450C600CC939B /* MultiValueTableViewController.swift in Sources */ = {isa = PBXBuildFile; fileRef = 9A3F93FF270450C600CC939B /* MultiValueTableViewController.swift */; };
		9A3F940327048A2200CC939B /* SampleAdTypeEnum.swift in Sources */ = {isa = PBXBuildFile; fileRef = 9A3F940227048A2200CC939B /* SampleAdTypeEnum.swift */; };
		9A3F940627048B6A00CC939B /* MarketplaceSDK+IAUnitDelegate.swift in Sources */ = {isa = PBXBuildFile; fileRef = 9A3F940527048B6A00CC939B /* MarketplaceSDK+IAUnitDelegate.swift */; };
		9A3F940927048BA600CC939B /* MarketplaceSDK+IAVideoContentDelegate.swift in Sources */ = {isa = PBXBuildFile; fileRef = 9A3F940827048BA600CC939B /* MarketplaceSDK+IAVideoContentDelegate.swift */; };
		9A3F940B27048BC600CC939B /* MarketplaceSDK+IAMRAIDContentDelegate.swift in Sources */ = {isa = PBXBuildFile; fileRef = 9A3F940A27048BC600CC939B /* MarketplaceSDK+IAMRAIDContentDelegate.swift */; };
		9A3F94352704DBC900CC939B /* SampleSDKProtocol.swift in Sources */ = {isa = PBXBuildFile; fileRef = 9A3F94342704DBC900CC939B /* SampleSDKProtocol.swift */; };
		9A3F94562705B12600CC939B /* NewAdUnitController.swift in Sources */ = {isa = PBXBuildFile; fileRef = 9A3F94552705B12600CC939B /* NewAdUnitController.swift */; };
		9A3F945A2705B1C200CC939B /* NewAdUnitDataSource.swift in Sources */ = {isa = PBXBuildFile; fileRef = 9A3F94592705B1C200CC939B /* NewAdUnitDataSource.swift */; };
		9A3F94682706EDC300CC939B /* StoryboardsSegues.swift in Sources */ = {isa = PBXBuildFile; fileRef = 9A3F94672706EDC300CC939B /* StoryboardsSegues.swift */; };
		9A3F94712709B95E00CC939B /* SampleTabBarController.swift in Sources */ = {isa = PBXBuildFile; fileRef = 9A3F94702709B95E00CC939B /* SampleTabBarController.swift */; };
		9A458BBB26FF67990005DC60 /* SaveAdsManager.swift in Sources */ = {isa = PBXBuildFile; fileRef = 9A458BBA26FF67990005DC60 /* SaveAdsManager.swift */; };
		9A458BD827006E550005DC60 /* ScannerViewController.swift in Sources */ = {isa = PBXBuildFile; fileRef = 9A458BD727006E550005DC60 /* ScannerViewController.swift */; };
		9A458BDA2700AE560005DC60 /* SaveAdsDatasource.swift in Sources */ = {isa = PBXBuildFile; fileRef = 9A458BD92700AE560005DC60 /* SaveAdsDatasource.swift */; };
		9A458BFA2701FB190005DC60 /* SampleSettingsEnum.swift in Sources */ = {isa = PBXBuildFile; fileRef = 9A458BF92701FB190005DC60 /* SampleSettingsEnum.swift */; };
		9A458C0127025B0D0005DC60 /* ClientRequestSettings.swift in Sources */ = {isa = PBXBuildFile; fileRef = 9A458C0027025B0D0005DC60 /* ClientRequestSettings.swift */; };
		9A4BF8D52BAD2469003BDD8D /* PrivacyInfo.xcprivacy in Resources */ = {isa = PBXBuildFile; fileRef = 9A4BF8D42BAD2469003BDD8D /* PrivacyInfo.xcprivacy */; };
		9A7AD6AF269464C4000ECCA4 /* AppDelegate.swift in Sources */ = {isa = PBXBuildFile; fileRef = 9A7AD6AE269464C4000ECCA4 /* AppDelegate.swift */; };
		9A7AD6BC26946572000ECCA4 /* MarketplaceSDK.swift in Sources */ = {isa = PBXBuildFile; fileRef = 9A7AD6BB26946572000ECCA4 /* MarketplaceSDK.swift */; };
		9A9085FB26FC829300048EEC /* AdViewController.swift in Sources */ = {isa = PBXBuildFile; fileRef = 9A9085FA26FC829300048EEC /* AdViewController.swift */; };
		9A90860026FCA05300048EEC /* AdUnitCustomCell.swift in Sources */ = {isa = PBXBuildFile; fileRef = 9A9085FF26FCA05300048EEC /* AdUnitCustomCell.swift */; };
		9A90861526FDADF300048EEC /* AdUnit.swift in Sources */ = {isa = PBXBuildFile; fileRef = 9A90861426FDADF300048EEC /* AdUnit.swift */; };
		9AC530BF2737FB3A00AC3A24 /* UITableViewController+DarkMode.swift in Sources */ = {isa = PBXBuildFile; fileRef = 9AC530BE2737FB3A00AC3A24 /* UITableViewController+DarkMode.swift */; };
		9AC530C22737FB7600AC3A24 /* MarketplaceSDK+MockAdViewDelegate.swift in Sources */ = {isa = PBXBuildFile; fileRef = 9AC530C12737FB7600AC3A24 /* MarketplaceSDK+MockAdViewDelegate.swift */; };
		9AF57C2A27A150F90000C834 /* SDKDebug.swift in Sources */ = {isa = PBXBuildFile; fileRef = 9AF57C2927A150F90000C834 /* SDKDebug.swift */; };
		9AFE24EA27031B6A0097E68B /* MultiValuesCustomCell.swift in Sources */ = {isa = PBXBuildFile; fileRef = 9AFE24E827031B690097E68B /* MultiValuesCustomCell.swift */; };
		9AFE24EC27031B6A0097E68B /* MultiValuesCustomCell.xib in Resources */ = {isa = PBXBuildFile; fileRef = 9AFE24E927031B690097E68B /* MultiValuesCustomCell.xib */; };
		9AFE24F027031B830097E68B /* TextFieldCustomCell.swift in Sources */ = {isa = PBXBuildFile; fileRef = 9AFE24EE27031B830097E68B /* TextFieldCustomCell.swift */; };
		9AFE24F227031B830097E68B /* TextFieldCustomCell.xib in Resources */ = {isa = PBXBuildFile; fileRef = 9AFE24EF27031B830097E68B /* TextFieldCustomCell.xib */; };
		9AFF135F2807181800E35024 /* BaseTableViewController.swift in Sources */ = {isa = PBXBuildFile; fileRef = 9AFF135E2807181800E35024 /* BaseTableViewController.swift */; };
		9AFF13632808052E00E35024 /* RouterImpl.swift in Sources */ = {isa = PBXBuildFile; fileRef = 9AFF13622808052E00E35024 /* RouterImpl.swift */; };
		E88693B81E3DFED900B12EAB /* Main.storyboard in Resources */ = {isa = PBXBuildFile; fileRef = E88693B61E3DFED900B12EAB /* Main.storyboard */; };
		E88693BA1E3DFED900B12EAB /* Assets.xcassets in Resources */ = {isa = PBXBuildFile; fileRef = E88693B91E3DFED900B12EAB /* Assets.xcassets */; };
		E88693BD1E3DFED900B12EAB /* LaunchScreen.storyboard in Resources */ = {isa = PBXBuildFile; fileRef = E88693BB1E3DFED900B12EAB /* LaunchScreen.storyboard */; };
		F1E0A0E0278B1BAF00619021 /* AdFeedCustomCell.swift in Sources */ = {isa = PBXBuildFile; fileRef = F1E0A0DF278B1BAF00619021 /* AdFeedCustomCell.swift */; };
		F1E0A0E2278B1D0500619021 /* AdFeedCustomCell.xib in Resources */ = {isa = PBXBuildFile; fileRef = F1E0A0E1278B1D0500619021 /* AdFeedCustomCell.xib */; };
/* End PBXBuildFile section */

/* Begin PBXCopyFilesBuildPhase section */
		11CE26B526889F23005C797B /* Embed Frameworks */ = {
			isa = PBXCopyFilesBuildPhase;
			buildActionMask = 2147483647;
			dstPath = "";
			dstSubfolderSpec = 10;
			files = (
			);
			name = "Embed Frameworks";
			runOnlyForDeploymentPostprocessing = 0;
		};
/* End PBXCopyFilesBuildPhase section */

/* Begin PBXFileReference section */
		11427864266E467B007D3038 /* DTExchange.app */ = {isa = PBXFileReference; explicitFileType = wrapper.application; includeInIndex = 0; path = DTExchange.app; sourceTree = BUILT_PRODUCTS_DIR; };
		1176CC0A2892AA9A00BB8B97 /* DTExchangeTestAppMediation-Info.plist */ = {isa = PBXFileReference; fileEncoding = 4; lastKnownFileType = text.plist.xml; path = "DTExchangeTestAppMediation-Info.plist"; sourceTree = "<group>"; };
		2AA47D1A2369D89200104FD5 /* QRScanner.storyboard */ = {isa = PBXFileReference; lastKnownFileType = file.storyboard; path = QRScanner.storyboard; sourceTree = "<group>"; };
		525086CC2739F48E00CBDA45 /* Console.swift */ = {isa = PBXFileReference; fileEncoding = 4; lastKnownFileType = sourcecode.swift; path = Console.swift; sourceTree = "<group>"; };
		525086CD2739F48E00CBDA45 /* ConsoleViewController.swift */ = {isa = PBXFileReference; fileEncoding = 4; lastKnownFileType = sourcecode.swift; path = ConsoleViewController.swift; sourceTree = "<group>"; };
		525086CE2739F48E00CBDA45 /* LoggingConsoleViewController.swift */ = {isa = PBXFileReference; fileEncoding = 4; lastKnownFileType = sourcecode.swift; path = LoggingConsoleViewController.swift; sourceTree = "<group>"; };
		525086CF2739F48E00CBDA45 /* ConsoleViewController.xib */ = {isa = PBXFileReference; fileEncoding = 4; lastKnownFileType = file.xib; path = ConsoleViewController.xib; sourceTree = "<group>"; };
		6F3764D386488DACED04BB14 /* IASDKCore.xcframework */ = {isa = PBXFileReference; includeInIndex = 1; name = IASDKCore.xcframework; path = ../IASDKCore/IASDKCore.xcframework; sourceTree = "<group>"; };
		7A45DCAC282A407100F48B34 /* MarketplaceSDKInitializer.swift */ = {isa = PBXFileReference; lastKnownFileType = sourcecode.swift; path = MarketplaceSDKInitializer.swift; sourceTree = "<group>"; };
		7A8057EF28C6622B00781158 /* SDKBiddingFactory.swift */ = {isa = PBXFileReference; lastKnownFileType = sourcecode.swift; path = SDKBiddingFactory.swift; sourceTree = "<group>"; };
		7A941FA92830D4E500BB98FF /* Constants.swift */ = {isa = PBXFileReference; lastKnownFileType = sourcecode.swift; path = Constants.swift; sourceTree = "<group>"; };
		7AC0C975282015760082D862 /* MenuBaseViewController.swift */ = {isa = PBXFileReference; lastKnownFileType = sourcecode.swift; path = MenuBaseViewController.swift; sourceTree = "<group>"; };
		8001E98328DB4F1800258421 /* VERSION.xcconfig */ = {isa = PBXFileReference; lastKnownFileType = text.xcconfig; path = VERSION.xcconfig; sourceTree = "<group>"; };
		84C17897257B102A00702557 /* DTExchangeTestApp-Bridging-Header.h */ = {isa = PBXFileReference; lastKnownFileType = sourcecode.c.h; path = "DTExchangeTestApp-Bridging-Header.h"; sourceTree = "<group>"; };
		84C17898257B102B00702557 /* Stub.swift */ = {isa = PBXFileReference; lastKnownFileType = sourcecode.swift; path = Stub.swift; sourceTree = "<group>"; };
		9A0E962E27A92D6C00504D12 /* AdViewState.swift */ = {isa = PBXFileReference; lastKnownFileType = sourcecode.swift; path = AdViewState.swift; sourceTree = "<group>"; };
		9A24A27026DE215E00251686 /* UIViewController+UIAlertController.swift */ = {isa = PBXFileReference; lastKnownFileType = sourcecode.swift; path = "UIViewController+UIAlertController.swift"; sourceTree = "<group>"; };
		9A2CC2FF2785BF2A0015685A /* AdViewControllerContentState.swift */ = {isa = PBXFileReference; lastKnownFileType = sourcecode.swift; path = AdViewControllerContentState.swift; sourceTree = "<group>"; };
		9A336C94281FCC3100092C50 /* Router.swift */ = {isa = PBXFileReference; lastKnownFileType = sourcecode.swift; path = Router.swift; sourceTree = "<group>"; };
		9A348DF1271C28CD005CB0DF /* SaveAdsViewController.swift */ = {isa = PBXFileReference; fileEncoding = 4; lastKnownFileType = sourcecode.swift; path = SaveAdsViewController.swift; sourceTree = "<group>"; };
		9A3F93FF270450C600CC939B /* MultiValueTableViewController.swift */ = {isa = PBXFileReference; lastKnownFileType = sourcecode.swift; path = MultiValueTableViewController.swift; sourceTree = "<group>"; };
		9A3F940227048A2200CC939B /* SampleAdTypeEnum.swift */ = {isa = PBXFileReference; lastKnownFileType = sourcecode.swift; path = SampleAdTypeEnum.swift; sourceTree = "<group>"; };
		9A3F940527048B6A00CC939B /* MarketplaceSDK+IAUnitDelegate.swift */ = {isa = PBXFileReference; lastKnownFileType = sourcecode.swift; path = "MarketplaceSDK+IAUnitDelegate.swift"; sourceTree = "<group>"; };
		9A3F940827048BA600CC939B /* MarketplaceSDK+IAVideoContentDelegate.swift */ = {isa = PBXFileReference; lastKnownFileType = sourcecode.swift; path = "MarketplaceSDK+IAVideoContentDelegate.swift"; sourceTree = "<group>"; };
		9A3F940A27048BC600CC939B /* MarketplaceSDK+IAMRAIDContentDelegate.swift */ = {isa = PBXFileReference; lastKnownFileType = sourcecode.swift; path = "MarketplaceSDK+IAMRAIDContentDelegate.swift"; sourceTree = "<group>"; };
		9A3F94342704DBC900CC939B /* SampleSDKProtocol.swift */ = {isa = PBXFileReference; lastKnownFileType = sourcecode.swift; path = SampleSDKProtocol.swift; sourceTree = "<group>"; };
		9A3F94552705B12600CC939B /* NewAdUnitController.swift */ = {isa = PBXFileReference; lastKnownFileType = sourcecode.swift; path = NewAdUnitController.swift; sourceTree = "<group>"; };
		9A3F94592705B1C200CC939B /* NewAdUnitDataSource.swift */ = {isa = PBXFileReference; lastKnownFileType = sourcecode.swift; path = NewAdUnitDataSource.swift; sourceTree = "<group>"; };
		9A3F94672706EDC300CC939B /* StoryboardsSegues.swift */ = {isa = PBXFileReference; lastKnownFileType = sourcecode.swift; path = StoryboardsSegues.swift; sourceTree = "<group>"; };
		9A3F94702709B95E00CC939B /* SampleTabBarController.swift */ = {isa = PBXFileReference; lastKnownFileType = sourcecode.swift; path = SampleTabBarController.swift; sourceTree = "<group>"; };
		9A458BBA26FF67990005DC60 /* SaveAdsManager.swift */ = {isa = PBXFileReference; lastKnownFileType = sourcecode.swift; path = SaveAdsManager.swift; sourceTree = "<group>"; };
		9A458BD727006E550005DC60 /* ScannerViewController.swift */ = {isa = PBXFileReference; lastKnownFileType = sourcecode.swift; path = ScannerViewController.swift; sourceTree = "<group>"; };
		9A458BD92700AE560005DC60 /* SaveAdsDatasource.swift */ = {isa = PBXFileReference; lastKnownFileType = sourcecode.swift; path = SaveAdsDatasource.swift; sourceTree = "<group>"; };
		9A458BF92701FB190005DC60 /* SampleSettingsEnum.swift */ = {isa = PBXFileReference; lastKnownFileType = sourcecode.swift; path = SampleSettingsEnum.swift; sourceTree = "<group>"; };
		9A458C0027025B0D0005DC60 /* ClientRequestSettings.swift */ = {isa = PBXFileReference; lastKnownFileType = sourcecode.swift; path = ClientRequestSettings.swift; sourceTree = "<group>"; };
		9A4BF8D42BAD2469003BDD8D /* PrivacyInfo.xcprivacy */ = {isa = PBXFileReference; lastKnownFileType = text.xml; path = PrivacyInfo.xcprivacy; sourceTree = "<group>"; };
		9A7AD6AE269464C4000ECCA4 /* AppDelegate.swift */ = {isa = PBXFileReference; lastKnownFileType = sourcecode.swift; path = AppDelegate.swift; sourceTree = "<group>"; };
		9A7AD6BB26946572000ECCA4 /* MarketplaceSDK.swift */ = {isa = PBXFileReference; lastKnownFileType = sourcecode.swift; path = MarketplaceSDK.swift; sourceTree = "<group>"; };
		9A9085FA26FC829300048EEC /* AdViewController.swift */ = {isa = PBXFileReference; lastKnownFileType = sourcecode.swift; path = AdViewController.swift; sourceTree = "<group>"; };
		9A9085FF26FCA05300048EEC /* AdUnitCustomCell.swift */ = {isa = PBXFileReference; lastKnownFileType = sourcecode.swift; path = AdUnitCustomCell.swift; sourceTree = "<group>"; };
		9A90861426FDADF300048EEC /* AdUnit.swift */ = {isa = PBXFileReference; lastKnownFileType = sourcecode.swift; path = AdUnit.swift; sourceTree = "<group>"; };
		9AC530BE2737FB3A00AC3A24 /* UITableViewController+DarkMode.swift */ = {isa = PBXFileReference; lastKnownFileType = sourcecode.swift; path = "UITableViewController+DarkMode.swift"; sourceTree = "<group>"; };
		9AC530C12737FB7600AC3A24 /* MarketplaceSDK+MockAdViewDelegate.swift */ = {isa = PBXFileReference; lastKnownFileType = sourcecode.swift; path = "MarketplaceSDK+MockAdViewDelegate.swift"; sourceTree = "<group>"; };
		9AF57C2927A150F90000C834 /* SDKDebug.swift */ = {isa = PBXFileReference; lastKnownFileType = sourcecode.swift; path = SDKDebug.swift; sourceTree = "<group>"; };
		9AFE24E827031B690097E68B /* MultiValuesCustomCell.swift */ = {isa = PBXFileReference; lastKnownFileType = sourcecode.swift; path = MultiValuesCustomCell.swift; sourceTree = "<group>"; };
		9AFE24E927031B690097E68B /* MultiValuesCustomCell.xib */ = {isa = PBXFileReference; lastKnownFileType = file.xib; path = MultiValuesCustomCell.xib; sourceTree = "<group>"; };
		9AFE24EE27031B830097E68B /* TextFieldCustomCell.swift */ = {isa = PBXFileReference; lastKnownFileType = sourcecode.swift; path = TextFieldCustomCell.swift; sourceTree = "<group>"; };
		9AFE24EF27031B830097E68B /* TextFieldCustomCell.xib */ = {isa = PBXFileReference; lastKnownFileType = file.xib; path = TextFieldCustomCell.xib; sourceTree = "<group>"; };
		9AFF135E2807181800E35024 /* BaseTableViewController.swift */ = {isa = PBXFileReference; lastKnownFileType = sourcecode.swift; path = BaseTableViewController.swift; sourceTree = "<group>"; };
		9AFF13622808052E00E35024 /* RouterImpl.swift */ = {isa = PBXFileReference; lastKnownFileType = sourcecode.swift; path = RouterImpl.swift; sourceTree = "<group>"; };
		E88693AA1E3DFED900B12EAB /* DTExchange.app */ = {isa = PBXFileReference; explicitFileType = wrapper.application; includeInIndex = 0; path = DTExchange.app; sourceTree = BUILT_PRODUCTS_DIR; };
		E88693B71E3DFED900B12EAB /* Base */ = {isa = PBXFileReference; lastKnownFileType = file.storyboard; name = Base; path = Base.lproj/Main.storyboard; sourceTree = "<group>"; };
		E88693B91E3DFED900B12EAB /* Assets.xcassets */ = {isa = PBXFileReference; lastKnownFileType = folder.assetcatalog; path = Assets.xcassets; sourceTree = "<group>"; };
		E88693BC1E3DFED900B12EAB /* Base */ = {isa = PBXFileReference; lastKnownFileType = file.storyboard; name = Base; path = Base.lproj/LaunchScreen.storyboard; sourceTree = "<group>"; };
		E88693BE1E3DFED900B12EAB /* Info.plist */ = {isa = PBXFileReference; lastKnownFileType = text.plist.xml; path = Info.plist; sourceTree = "<group>"; };
		E88693C31E3DFED900B12EAB /* DTExchangeTestAppTests.xctest */ = {isa = PBXFileReference; explicitFileType = wrapper.cfbundle; includeInIndex = 0; path = DTExchangeTestAppTests.xctest; sourceTree = BUILT_PRODUCTS_DIR; };
		E88693CE1E3DFED900B12EAB /* DTExchangeTestAppUITests.xctest */ = {isa = PBXFileReference; explicitFileType = wrapper.cfbundle; includeInIndex = 0; path = DTExchangeTestAppUITests.xctest; sourceTree = BUILT_PRODUCTS_DIR; };
		F1E0A0DF278B1BAF00619021 /* AdFeedCustomCell.swift */ = {isa = PBXFileReference; lastKnownFileType = sourcecode.swift; path = AdFeedCustomCell.swift; sourceTree = "<group>"; };
		F1E0A0E1278B1D0500619021 /* AdFeedCustomCell.xib */ = {isa = PBXFileReference; lastKnownFileType = file.xib; path = AdFeedCustomCell.xib; sourceTree = "<group>"; };
/* End PBXFileReference section */

/* Begin PBXFrameworksBuildPhase section */
		E88693A71E3DFED900B12EAB /* Frameworks */ = {
			isa = PBXFrameworksBuildPhase;
			buildActionMask = 2147483647;
			files = (
				891BAB00969B42C014F88975 /* IASDKCore.xcframework in Frameworks */,
			);
			runOnlyForDeploymentPostprocessing = 0;
		};
/* End PBXFrameworksBuildPhase section */

/* Begin PBXGroup section */
		525086CB2739F48E00CBDA45 /* Console */ = {
			isa = PBXGroup;
			children = (
				525086CC2739F48E00CBDA45 /* Console.swift */,
				525086CD2739F48E00CBDA45 /* ConsoleViewController.swift */,
				525086CE2739F48E00CBDA45 /* LoggingConsoleViewController.swift */,
				525086CF2739F48E00CBDA45 /* ConsoleViewController.xib */,
			);
			path = Console;
			sourceTree = "<group>";
		};
		7A8057F328C68D7200781158 /* SDKBidding */ = {
			isa = PBXGroup;
			children = (
				7A8057EF28C6622B00781158 /* SDKBiddingFactory.swift */,
			);
			name = SDKBidding;
			sourceTree = "<group>";
		};
		7AA74942284494060054EC4E /* MultiValueViewController */ = {
			isa = PBXGroup;
			children = (
				9A3F93FF270450C600CC939B /* MultiValueTableViewController.swift */,
			);
			name = MultiValueViewController;
			sourceTree = "<group>";
		};
		8416219F1E71C86400F51F77 /* Resources */ = {
			isa = PBXGroup;
			children = (
				E88693AD1E3DFED900B12EAB /* Supporting Files */,
			);
			name = Resources;
			sourceTree = "<group>";
		};
		9A3F93EE2703502900CC939B /* MultipleValuesCell */ = {
			isa = PBXGroup;
			children = (
				9AFE24E927031B690097E68B /* MultiValuesCustomCell.xib */,
				9AFE24E827031B690097E68B /* MultiValuesCustomCell.swift */,
			);
			name = MultipleValuesCell;
			sourceTree = "<group>";
		};
		9A3F93F12703504500CC939B /* TextFieldCell */ = {
			isa = PBXGroup;
			children = (
				9AFE24EE27031B830097E68B /* TextFieldCustomCell.swift */,
				9AFE24EF27031B830097E68B /* TextFieldCustomCell.xib */,
			);
			name = TextFieldCell;
			sourceTree = "<group>";
		};
		9A3F940727048B6F00CC939B /* FYBMarketplaceDelegates */ = {
			isa = PBXGroup;
			children = (
				9A3F940A27048BC600CC939B /* MarketplaceSDK+IAMRAIDContentDelegate.swift */,
				9A3F940527048B6A00CC939B /* MarketplaceSDK+IAUnitDelegate.swift */,
				9A3F940827048BA600CC939B /* MarketplaceSDK+IAVideoContentDelegate.swift */,
				9AC530C12737FB7600AC3A24 /* MarketplaceSDK+MockAdViewDelegate.swift */,
			);
			name = FYBMarketplaceDelegates;
			sourceTree = "<group>";
		};
		9A458BA926FF62280005DC60 /* SaveAdsMenu */ = {
			isa = PBXGroup;
			children = (
				9A458BD92700AE560005DC60 /* SaveAdsDatasource.swift */,
				9A458BBA26FF67990005DC60 /* SaveAdsManager.swift */,
				9A348DF1271C28CD005CB0DF /* SaveAdsViewController.swift */,
			);
			name = SaveAdsMenu;
			sourceTree = "<group>";
		};
		9A458BD2270061FC0005DC60 /* QRScanner */ = {
			isa = PBXGroup;
			children = (
				9A458BD727006E550005DC60 /* ScannerViewController.swift */,
			);
			name = QRScanner;
			sourceTree = "<group>";
		};
		9A458BDF2700B6F10005DC60 /* NewAdUnit */ = {
			isa = PBXGroup;
			children = (
				9A3F94552705B12600CC939B /* NewAdUnitController.swift */,
				9A3F94592705B1C200CC939B /* NewAdUnitDataSource.swift */,
			);
			name = NewAdUnit;
			sourceTree = "<group>";
		};
		9A7AD6B826946538000ECCA4 /* SDKs */ = {
			isa = PBXGroup;
			children = (
				9A7AD6B926946542000ECCA4 /* DTExchange */,
				9A3F94342704DBC900CC939B /* SampleSDKProtocol.swift */,
				7A8057F328C68D7200781158 /* SDKBidding */,
			);
			name = SDKs;
			sourceTree = "<group>";
		};
		9A7AD6B926946542000ECCA4 /* DTExchange */ = {
			isa = PBXGroup;
			children = (
				9A3F940727048B6F00CC939B /* FYBMarketplaceDelegates */,
				9A7AD6BB26946572000ECCA4 /* MarketplaceSDK.swift */,
				7A45DCAC282A407100F48B34 /* MarketplaceSDKInitializer.swift */,
				9AF57C2927A150F90000C834 /* SDKDebug.swift */,
			);
			name = DTExchange;
			sourceTree = "<group>";
		};
		9A7AD6D426946FEF000ECCA4 /* Extensions */ = {
			isa = PBXGroup;
			children = (
				9A24A27026DE215E00251686 /* UIViewController+UIAlertController.swift */,
				9AC530BE2737FB3A00AC3A24 /* UITableViewController+DarkMode.swift */,
			);
			name = Extensions;
			sourceTree = "<group>";
		};
		9A90861826FDB11500048EEC /* AdUnit */ = {
			isa = PBXGroup;
			children = (
				9A90861426FDADF300048EEC /* AdUnit.swift */,
				9A9085FF26FCA05300048EEC /* AdUnitCustomCell.swift */,
			);
			name = AdUnit;
			sourceTree = "<group>";
		};
		9A90862D26FE2BA900048EEC /* Client */ = {
			isa = PBXGroup;
			children = (
				9AEE212F27BBA9C600E7266C /* AdsMenus */,
				9A90861826FDB11500048EEC /* AdUnit */,
				9A90863226FE2C7A00048EEC /* AdView */,
				9A90863026FE2C1300048EEC /* AppSettings */,
				9AFF135B280717FF00E35024 /* Base */,
				F1A2C91A274FA53A00C6837B /* FeedTable */,
				9A458BDF2700B6F10005DC60 /* NewAdUnit */,
				9A458BD2270061FC0005DC60 /* QRScanner */,
				9AFF13612808050F00E35024 /* Router */,
			);
			name = Client;
			sourceTree = "<group>";
		};
		9A90863026FE2C1300048EEC /* AppSettings */ = {
			isa = PBXGroup;
			children = (
				9AFE24D627027E1E0097E68B /* AppSettingCells */,
				9A458C0027025B0D0005DC60 /* ClientRequestSettings.swift */,
				7AA74942284494060054EC4E /* MultiValueViewController */,
				9A458BF92701FB190005DC60 /* SampleSettingsEnum.swift */,
			);
			name = AppSettings;
			sourceTree = "<group>";
		};
		9A90863226FE2C7A00048EEC /* AdView */ = {
			isa = PBXGroup;
			children = (
				9A9085FA26FC829300048EEC /* AdViewController.swift */,
				9A2CC2FF2785BF2A0015685A /* AdViewControllerContentState.swift */,
				9A0E962E27A92D6C00504D12 /* AdViewState.swift */,
			);
			name = AdView;
			sourceTree = "<group>";
		};
		9AEE212F27BBA9C600E7266C /* AdsMenus */ = {
			isa = PBXGroup;
			children = (
				9A458BA926FF62280005DC60 /* SaveAdsMenu */,
			);
			name = AdsMenus;
			sourceTree = "<group>";
		};
		9AFE24D627027E1E0097E68B /* AppSettingCells */ = {
			isa = PBXGroup;
			children = (
				9A3F93EE2703502900CC939B /* MultipleValuesCell */,
				9A3F93F12703504500CC939B /* TextFieldCell */,
			);
			name = AppSettingCells;
			sourceTree = "<group>";
		};
		9AFF135B280717FF00E35024 /* Base */ = {
			isa = PBXGroup;
			children = (
				9AFF135E2807181800E35024 /* BaseTableViewController.swift */,
				7AC0C975282015760082D862 /* MenuBaseViewController.swift */,
				9A3F94702709B95E00CC939B /* SampleTabBarController.swift */,
			);
			name = Base;
			sourceTree = "<group>";
		};
		9AFF13612808050F00E35024 /* Router */ = {
			isa = PBXGroup;
			children = (
				9AFF13622808052E00E35024 /* RouterImpl.swift */,
				9A336C94281FCC3100092C50 /* Router.swift */,
			);
			name = Router;
			sourceTree = "<group>";
		};
		C1F64A661332983C739A3ABD /* Frameworks */ = {
			isa = PBXGroup;
			children = (
				6F3764D386488DACED04BB14 /* IASDKCore.xcframework */,
			);
			name = Frameworks;
			sourceTree = "<group>";
		};
		E88693A11E3DFED900B12EAB = {
			isa = PBXGroup;
			children = (
				9A4BF8D42BAD2469003BDD8D /* PrivacyInfo.xcprivacy */,
				E88693AC1E3DFED900B12EAB /* DTExchangeTestApp */,
				84C17897257B102A00702557 /* DTExchangeTestApp-Bridging-Header.h */,
				E88693AB1E3DFED900B12EAB /* Products */,
				8001E98328DB4F1800258421 /* VERSION.xcconfig */,
				C1F64A661332983C739A3ABD /* Frameworks */,
			);
			sourceTree = "<group>";
		};
		E88693AB1E3DFED900B12EAB /* Products */ = {
			isa = PBXGroup;
			children = (
				E88693AA1E3DFED900B12EAB /* DTExchange.app */,
				E88693C31E3DFED900B12EAB /* DTExchangeTestAppTests.xctest */,
				E88693CE1E3DFED900B12EAB /* DTExchangeTestAppUITests.xctest */,
				11427864266E467B007D3038 /* DTExchange.app */,
			);
			name = Products;
			sourceTree = "<group>";
		};
		E88693AC1E3DFED900B12EAB /* DTExchangeTestApp */ = {
			isa = PBXGroup;
			children = (
				9A7AD6AE269464C4000ECCA4 /* AppDelegate.swift */,
				9A90862D26FE2BA900048EEC /* Client */,
				525086CB2739F48E00CBDA45 /* Console */,
				7A941FA92830D4E500BB98FF /* Constants.swift */,
				9A7AD6D426946FEF000ECCA4 /* Extensions */,
				8416219F1E71C86400F51F77 /* Resources */,
				9A3F940227048A2200CC939B /* SampleAdTypeEnum.swift */,
				9A7AD6B826946538000ECCA4 /* SDKs */,
				E88693E11E3DFEF500B12EAB /* Storyboards */,
			);
			path = DTExchangeTestApp;
			sourceTree = "<group>";
		};
		E88693AD1E3DFED900B12EAB /* Supporting Files */ = {
			isa = PBXGroup;
			children = (
				E88693B91E3DFED900B12EAB /* Assets.xcassets */,
				1176CC0A2892AA9A00BB8B97 /* DTExchangeTestAppMediation-Info.plist */,
				E88693BE1E3DFED900B12EAB /* Info.plist */,
				84C17898257B102B00702557 /* Stub.swift */,
			);
			name = "Supporting Files";
			sourceTree = "<group>";
		};
		E88693E11E3DFEF500B12EAB /* Storyboards */ = {
			isa = PBXGroup;
			children = (
				E88693BB1E3DFED900B12EAB /* LaunchScreen.storyboard */,
				E88693B61E3DFED900B12EAB /* Main.storyboard */,
				2AA47D1A2369D89200104FD5 /* QRScanner.storyboard */,
				9A3F94672706EDC300CC939B /* StoryboardsSegues.swift */,
			);
			name = Storyboards;
			sourceTree = "<group>";
		};
		F1A2C91A274FA53A00C6837B /* FeedTable */ = {
			isa = PBXGroup;
			children = (
				F1E0A0DF278B1BAF00619021 /* AdFeedCustomCell.swift */,
				F1E0A0E1278B1D0500619021 /* AdFeedCustomCell.xib */,
			);
			name = FeedTable;
			sourceTree = "<group>";
		};
/* End PBXGroup section */

/* Begin PBXNativeTarget section */
		E88693A91E3DFED900B12EAB /* DTExchangeTestApp */ = {
			isa = PBXNativeTarget;
			buildConfigurationList = E88693D71E3DFEDA00B12EAB /* Build configuration list for PBXNativeTarget "DTExchangeTestApp" */;
			buildPhases = (
				E88693A61E3DFED900B12EAB /* Sources */,
				E88693A71E3DFED900B12EAB /* Frameworks */,
				E88693A81E3DFED900B12EAB /* Resources */,
				11CE26B526889F23005C797B /* Embed Frameworks */,
			);
			buildRules = (
			);
			dependencies = (
			);
			name = DTExchangeTestApp;
			productName = DTExchangeTestApp;
			productReference = E88693AA1E3DFED900B12EAB /* DTExchange.app */;
			productType = "com.apple.product-type.application";
		};
/* End PBXNativeTarget section */

/* Begin PBXProject section */
		E88693A21E3DFED900B12EAB /* Project object */ = {
			isa = PBXProject;
			attributes = {
				LastUpgradeCheck = 1340;
				ORGANIZATIONNAME = Inneractive;
				TargetAttributes = {
					11427800266E467B007D3038 = {
						DevelopmentTeam = 9G2AGGBJ52;
						ProvisioningStyle = Automatic;
					};
					E88693A91E3DFED900B12EAB = {
						CreatedOnToolsVersion = 8.2.1;
						DevelopmentTeam = 9G2AGGBJ52;
						LastSwiftMigration = 1200;
						ProvisioningStyle = Automatic;
					};
					E88693C21E3DFED900B12EAB = {
						CreatedOnToolsVersion = 8.2.1;
						DevelopmentTeam = 9G2AGGBJ52;
						LastSwiftMigration = 1430;
						ProvisioningStyle = Automatic;
						TestTargetID = E88693A91E3DFED900B12EAB;
					};
					E88693CD1E3DFED900B12EAB = {
						CreatedOnToolsVersion = 8.2.1;
						DevelopmentTeam = 9G2AGGBJ52;
						LastSwiftMigration = 1430;
						ProvisioningStyle = Automatic;
						TestTargetID = E88693A91E3DFED900B12EAB;
					};
				};
			};
			buildConfigurationList = E88693A51E3DFED900B12EAB /* Build configuration list for PBXProject "DTExchangeTestApp" */;
			compatibilityVersion = "Xcode 3.2";
			developmentRegion = en;
			hasScannedForEncodings = 0;
			knownRegions = (
				en,
				Base,
			);
			mainGroup = E88693A11E3DFED900B12EAB;
			productRefGroup = E88693AB1E3DFED900B12EAB /* Products */;
			projectDirPath = "";
			projectRoot = "";
			targets = (
				E88693A91E3DFED900B12EAB /* DTExchangeTestApp */,
			);
		};
/* End PBXProject section */

/* Begin PBXResourcesBuildPhase section */
		E88693A81E3DFED900B12EAB /* Resources */ = {
			isa = PBXResourcesBuildPhase;
			buildActionMask = 2147483647;
			files = (
				9AFE24EC27031B6A0097E68B /* MultiValuesCustomCell.xib in Resources */,
				E88693BD1E3DFED900B12EAB /* LaunchScreen.storyboard in Resources */,
				525086D62739F48E00CBDA45 /* ConsoleViewController.xib in Resources */,
				F1E0A0E2278B1D0500619021 /* AdFeedCustomCell.xib in Resources */,
				E88693BA1E3DFED900B12EAB /* Assets.xcassets in Resources */,
				9A4BF8D52BAD2469003BDD8D /* PrivacyInfo.xcprivacy in Resources */,
				2AA47D1B2369D89200104FD5 /* QRScanner.storyboard in Resources */,
				9AFE24F227031B830097E68B /* TextFieldCustomCell.xib in Resources */,
				E88693B81E3DFED900B12EAB /* Main.storyboard in Resources */,
			);
			runOnlyForDeploymentPostprocessing = 0;
		};
/* End PBXResourcesBuildPhase section */

/* Begin PBXSourcesBuildPhase section */
		E88693A61E3DFED900B12EAB /* Sources */ = {
			isa = PBXSourcesBuildPhase;
			buildActionMask = 2147483647;
			files = (
				9A3F945A2705B1C200CC939B /* NewAdUnitDataSource.swift in Sources */,
				9A24A27126DE215E00251686 /* UIViewController+UIAlertController.swift in Sources */,
				525086D42739F48E00CBDA45 /* LoggingConsoleViewController.swift in Sources */,
				9A7AD6AF269464C4000ECCA4 /* AppDelegate.swift in Sources */,
				9AFE24F027031B830097E68B /* TextFieldCustomCell.swift in Sources */,
				9A7AD6BC26946572000ECCA4 /* MarketplaceSDK.swift in Sources */,
				9A9085FB26FC829300048EEC /* AdViewController.swift in Sources */,
				9AC530BF2737FB3A00AC3A24 /* UITableViewController+DarkMode.swift in Sources */,
				9AC530C22737FB7600AC3A24 /* MarketplaceSDK+MockAdViewDelegate.swift in Sources */,
				9A3F940627048B6A00CC939B /* MarketplaceSDK+IAUnitDelegate.swift in Sources */,
				9A0E962F27A92D6C00504D12 /* AdViewState.swift in Sources */,
				9A458BFA2701FB190005DC60 /* SampleSettingsEnum.swift in Sources */,
				9A2CC3002785BF2A0015685A /* AdViewControllerContentState.swift in Sources */,
				9A3F94352704DBC900CC939B /* SampleSDKProtocol.swift in Sources */,
				7A45DCAD282A407100F48B34 /* MarketplaceSDKInitializer.swift in Sources */,
				9AF57C2A27A150F90000C834 /* SDKDebug.swift in Sources */,
				7AC0C976282015760082D862 /* MenuBaseViewController.swift in Sources */,
				9A458BD827006E550005DC60 /* ScannerViewController.swift in Sources */,
				F1E0A0E0278B1BAF00619021 /* AdFeedCustomCell.swift in Sources */,
				9A3F940927048BA600CC939B /* MarketplaceSDK+IAVideoContentDelegate.swift in Sources */,
				9AFF135F2807181800E35024 /* BaseTableViewController.swift in Sources */,
				84C17899257B102B00702557 /* Stub.swift in Sources */,
				9A458BDA2700AE560005DC60 /* SaveAdsDatasource.swift in Sources */,
				525086D22739F48E00CBDA45 /* ConsoleViewController.swift in Sources */,
				9A90860026FCA05300048EEC /* AdUnitCustomCell.swift in Sources */,
				9A348DF2271C28CE005CB0DF /* SaveAdsViewController.swift in Sources */,
				9AFE24EA27031B6A0097E68B /* MultiValuesCustomCell.swift in Sources */,
				9A3F94682706EDC300CC939B /* StoryboardsSegues.swift in Sources */,
				9A458C0127025B0D0005DC60 /* ClientRequestSettings.swift in Sources */,
				9A3F940327048A2200CC939B /* SampleAdTypeEnum.swift in Sources */,
				9A458BBB26FF67990005DC60 /* SaveAdsManager.swift in Sources */,
				9A90861526FDADF300048EEC /* AdUnit.swift in Sources */,
				7A941FAA2830D4E500BB98FF /* Constants.swift in Sources */,
				525086D02739F48E00CBDA45 /* Console.swift in Sources */,
				9A3F940B27048BC600CC939B /* MarketplaceSDK+IAMRAIDContentDelegate.swift in Sources */,
				9A336C95281FCC3100092C50 /* Router.swift in Sources */,
				9A3F9400270450C600CC939B /* MultiValueTableViewController.swift in Sources */,
				9A3F94562705B12600CC939B /* NewAdUnitController.swift in Sources */,
				9AFF13632808052E00E35024 /* RouterImpl.swift in Sources */,
				9A3F94712709B95E00CC939B /* SampleTabBarController.swift in Sources */,
				7A8057F028C6622B00781158 /* SDKBiddingFactory.swift in Sources */,
			);
			runOnlyForDeploymentPostprocessing = 0;
		};
/* End PBXSourcesBuildPhase section */

/* Begin PBXVariantGroup section */
		E88693B61E3DFED900B12EAB /* Main.storyboard */ = {
			isa = PBXVariantGroup;
			children = (
				E88693B71E3DFED900B12EAB /* Base */,
			);
			name = Main.storyboard;
			sourceTree = "<group>";
		};
		E88693BB1E3DFED900B12EAB /* LaunchScreen.storyboard */ = {
			isa = PBXVariantGroup;
			children = (
				E88693BC1E3DFED900B12EAB /* Base */,
			);
			name = LaunchScreen.storyboard;
			sourceTree = "<group>";
		};
/* End PBXVariantGroup section */

/* Begin XCBuildConfiguration section */
		E88693D51E3DFEDA00B12EAB /* Debug */ = {
			isa = XCBuildConfiguration;
			baseConfigurationReference = 8001E98328DB4F1800258421 /* VERSION.xcconfig */;
			buildSettings = {
				ALWAYS_SEARCH_USER_PATHS = NO;
				CLANG_ANALYZER_LOCALIZABILITY_NONLOCALIZED = YES;
				CLANG_ANALYZER_NONNULL = YES;
				CLANG_CXX_LANGUAGE_STANDARD = "gnu++0x";
				CLANG_CXX_LIBRARY = "libc++";
				CLANG_ENABLE_MODULES = YES;
				CLANG_ENABLE_OBJC_ARC = YES;
				CLANG_WARN_BLOCK_CAPTURE_AUTORELEASING = YES;
				CLANG_WARN_BOOL_CONVERSION = YES;
				CLANG_WARN_COMMA = YES;
				CLANG_WARN_CONSTANT_CONVERSION = YES;
				CLANG_WARN_DEPRECATED_OBJC_IMPLEMENTATIONS = YES;
				CLANG_WARN_DIRECT_OBJC_ISA_USAGE = YES_ERROR;
				CLANG_WARN_DOCUMENTATION_COMMENTS = YES;
				CLANG_WARN_EMPTY_BODY = YES;
				CLANG_WARN_ENUM_CONVERSION = YES;
				CLANG_WARN_INFINITE_RECURSION = YES;
				CLANG_WARN_INT_CONVERSION = YES;
				CLANG_WARN_NON_LITERAL_NULL_CONVERSION = YES;
				CLANG_WARN_OBJC_IMPLICIT_RETAIN_SELF = YES;
				CLANG_WARN_OBJC_LITERAL_CONVERSION = YES;
				CLANG_WARN_OBJC_ROOT_CLASS = YES_ERROR;
				CLANG_WARN_QUOTED_INCLUDE_IN_FRAMEWORK_HEADER = YES;
				CLANG_WARN_RANGE_LOOP_ANALYSIS = YES;
				CLANG_WARN_STRICT_PROTOTYPES = YES;
				CLANG_WARN_SUSPICIOUS_MOVE = YES;
				CLANG_WARN_UNREACHABLE_CODE = YES;
				CLANG_WARN__DUPLICATE_METHOD_MATCH = YES;
				"CODE_SIGN_IDENTITY[sdk=iphoneos*]" = "iPhone Developer";
				COPY_PHASE_STRIP = NO;
				DEBUG_INFORMATION_FORMAT = dwarf;
				ENABLE_STRICT_OBJC_MSGSEND = YES;
				ENABLE_TESTABILITY = YES;
				FRAMEWORK_SEARCH_PATHS = (
					"$(inherited)",
					"$(PROJECT_DIR)/AppLovinQualityService",
				);
				GCC_C_LANGUAGE_STANDARD = gnu99;
				GCC_DYNAMIC_NO_PIC = NO;
				GCC_NO_COMMON_BLOCKS = YES;
				GCC_OPTIMIZATION_LEVEL = 0;
				GCC_PREPROCESSOR_DEFINITIONS = (
					"DEBUG=1",
					"$(inherited)",
				);
				GCC_WARN_64_TO_32_BIT_CONVERSION = YES;
				GCC_WARN_ABOUT_RETURN_TYPE = YES_ERROR;
				GCC_WARN_UNDECLARED_SELECTOR = YES;
				GCC_WARN_UNINITIALIZED_AUTOS = YES_AGGRESSIVE;
				GCC_WARN_UNUSED_FUNCTION = YES;
				GCC_WARN_UNUSED_VARIABLE = YES;
				IPHONEOS_DEPLOYMENT_TARGET = 11.0;
				MTL_ENABLE_DEBUG_INFO = YES;
				ONLY_ACTIVE_ARCH = YES;
				SDKROOT = iphoneos;
				SWIFT_ACTIVE_COMPILATION_CONDITIONS = DEBUG;
				TARGETED_DEVICE_FAMILY = "1,2";
			};
			name = Debug;
		};
		E88693D61E3DFEDA00B12EAB /* Release */ = {
			isa = XCBuildConfiguration;
			baseConfigurationReference = 8001E98328DB4F1800258421 /* VERSION.xcconfig */;
			buildSettings = {
				ALWAYS_SEARCH_USER_PATHS = NO;
				CLANG_ANALYZER_LOCALIZABILITY_NONLOCALIZED = YES;
				CLANG_ANALYZER_NONNULL = YES;
				CLANG_CXX_LANGUAGE_STANDARD = "gnu++0x";
				CLANG_CXX_LIBRARY = "libc++";
				CLANG_ENABLE_MODULES = YES;
				CLANG_ENABLE_OBJC_ARC = YES;
				CLANG_WARN_BLOCK_CAPTURE_AUTORELEASING = YES;
				CLANG_WARN_BOOL_CONVERSION = YES;
				CLANG_WARN_COMMA = YES;
				CLANG_WARN_CONSTANT_CONVERSION = YES;
				CLANG_WARN_DEPRECATED_OBJC_IMPLEMENTATIONS = YES;
				CLANG_WARN_DIRECT_OBJC_ISA_USAGE = YES_ERROR;
				CLANG_WARN_DOCUMENTATION_COMMENTS = YES;
				CLANG_WARN_EMPTY_BODY = YES;
				CLANG_WARN_ENUM_CONVERSION = YES;
				CLANG_WARN_INFINITE_RECURSION = YES;
				CLANG_WARN_INT_CONVERSION = YES;
				CLANG_WARN_NON_LITERAL_NULL_CONVERSION = YES;
				CLANG_WARN_OBJC_IMPLICIT_RETAIN_SELF = YES;
				CLANG_WARN_OBJC_LITERAL_CONVERSION = YES;
				CLANG_WARN_OBJC_ROOT_CLASS = YES_ERROR;
				CLANG_WARN_QUOTED_INCLUDE_IN_FRAMEWORK_HEADER = YES;
				CLANG_WARN_RANGE_LOOP_ANALYSIS = YES;
				CLANG_WARN_STRICT_PROTOTYPES = YES;
				CLANG_WARN_SUSPICIOUS_MOVE = YES;
				CLANG_WARN_UNREACHABLE_CODE = YES;
				CLANG_WARN__DUPLICATE_METHOD_MATCH = YES;
				"CODE_SIGN_IDENTITY[sdk=iphoneos*]" = "iPhone Developer";
				COPY_PHASE_STRIP = NO;
				DEBUG_INFORMATION_FORMAT = "dwarf-with-dsym";
				ENABLE_NS_ASSERTIONS = NO;
				ENABLE_STRICT_OBJC_MSGSEND = YES;
				FRAMEWORK_SEARCH_PATHS = (
					"$(inherited)",
					"$(PROJECT_DIR)/AppLovinQualityService",
				);
				GCC_C_LANGUAGE_STANDARD = gnu99;
				GCC_NO_COMMON_BLOCKS = YES;
				GCC_WARN_64_TO_32_BIT_CONVERSION = YES;
				GCC_WARN_ABOUT_RETURN_TYPE = YES_ERROR;
				GCC_WARN_UNDECLARED_SELECTOR = YES;
				GCC_WARN_UNINITIALIZED_AUTOS = YES_AGGRESSIVE;
				GCC_WARN_UNUSED_FUNCTION = YES;
				GCC_WARN_UNUSED_VARIABLE = YES;
				IPHONEOS_DEPLOYMENT_TARGET = 11.0;
				MTL_ENABLE_DEBUG_INFO = NO;
				SDKROOT = iphoneos;
				SWIFT_COMPILATION_MODE = wholemodule;
				TARGETED_DEVICE_FAMILY = "1,2";
				VALIDATE_PRODUCT = YES;
			};
			name = Release;
		};
		E88693D81E3DFEDA00B12EAB /* Debug */ = {
			isa = XCBuildConfiguration;
			buildSettings = {
				ASSETCATALOG_COMPILER_APPICON_NAME = AppIcon;
				CLANG_ALLOW_NON_MODULAR_INCLUDES_IN_FRAMEWORK_MODULES = NO;
				CLANG_ANALYZER_GCD_PERFORMANCE = YES;
				CLANG_ENABLE_MODULES = YES;
				CLANG_STATIC_ANALYZER_MODE = deep;
				CODE_SIGN_STYLE = Automatic;
				DEAD_CODE_STRIPPING = NO;
				DEPLOYMENT_POSTPROCESSING = NO;
				DEVELOPMENT_TEAM = 9G2AGGBJ52;
				ENABLE_BITCODE = NO;
				GCC_PREPROCESSOR_DEFINITIONS = (
					"$(inherited)",
					"CERT_BUILD=1",
				);
				INFOPLIST_FILE = DTExchangeTestApp/Info.plist;
				IPHONEOS_DEPLOYMENT_TARGET = 11.0;
				LD_RUNPATH_SEARCH_PATHS = (
					"$(inherited)",
					"@executable_path/Frameworks",
				);
				OTHER_LDFLAGS = "-ObjC";
				PRODUCT_BUNDLE_IDENTIFIER = com.Inneractive.SDKSample;
				PRODUCT_NAME = DTExchange;
				RUN_CLANG_STATIC_ANALYZER = YES;
				STRIP_INSTALLED_PRODUCT = NO;
				SUPPORTED_PLATFORMS = "iphoneos iphonesimulator";
				SUPPORTS_MACCATALYST = NO;
				SUPPORTS_MAC_DESIGNED_FOR_IPHONE_IPAD = NO;
				SWIFT_ACTIVE_COMPILATION_CONDITIONS = "$(inherited) CERT_BUILD SDK_BIDDING";
				SWIFT_OBJC_BRIDGING_HEADER = "DTExchangeTestApp-Bridging-Header.h";
				SWIFT_OPTIMIZATION_LEVEL = "-Onone";
				SWIFT_VERSION = 5.0;
				TARGETED_DEVICE_FAMILY = "1,2";
			};
			name = Debug;
		};
		E88693D91E3DFEDA00B12EAB /* Release */ = {
			isa = XCBuildConfiguration;
			buildSettings = {
				ASSETCATALOG_COMPILER_APPICON_NAME = AppIcon;
				CLANG_ALLOW_NON_MODULAR_INCLUDES_IN_FRAMEWORK_MODULES = NO;
				CLANG_ANALYZER_GCD_PERFORMANCE = YES;
				CLANG_ENABLE_CODE_COVERAGE = NO;
				CLANG_ENABLE_MODULES = YES;
				CLANG_STATIC_ANALYZER_MODE = deep;
				CODE_SIGN_STYLE = Automatic;
				DEPLOYMENT_POSTPROCESSING = YES;
				DEVELOPMENT_TEAM = 9G2AGGBJ52;
				ENABLE_BITCODE = NO;
				GCC_PREPROCESSOR_DEFINITIONS = (
					"$(inherited)",
					"CERT_BUILD=1",
				);
				INFOPLIST_FILE = DTExchangeTestApp/Info.plist;
				IPHONEOS_DEPLOYMENT_TARGET = 11.0;
				LD_RUNPATH_SEARCH_PATHS = (
					"$(inherited)",
					"@executable_path/Frameworks",
				);
				OTHER_LDFLAGS = "-ObjC";
				PRODUCT_BUNDLE_IDENTIFIER = com.Inneractive.SDKSample;
				PRODUCT_NAME = DTExchange;
				RUN_CLANG_STATIC_ANALYZER = YES;
				SUPPORTED_PLATFORMS = "iphoneos iphonesimulator";
				SUPPORTS_MACCATALYST = NO;
				SUPPORTS_MAC_DESIGNED_FOR_IPHONE_IPAD = NO;
				SWIFT_ACTIVE_COMPILATION_CONDITIONS = "$(inherited) CERT_BUILD SDK_BIDDING";
				SWIFT_OBJC_BRIDGING_HEADER = "DTExchangeTestApp-Bridging-Header.h";
				SWIFT_VERSION = 5.0;
				TARGETED_DEVICE_FAMILY = "1,2";
			};
			name = Release;
		};
/* End XCBuildConfiguration section */

/* Begin XCConfigurationList section */
		E88693A51E3DFED900B12EAB /* Build configuration list for PBXProject "DTExchangeTestApp" */ = {
			isa = XCConfigurationList;
			buildConfigurations = (
				E88693D51E3DFEDA00B12EAB /* Debug */,
				E88693D61E3DFEDA00B12EAB /* Release */,
			);
			defaultConfigurationIsVisible = 0;
			defaultConfigurationName = Release;
		};
		E88693D71E3DFEDA00B12EAB /* Build configuration list for PBXNativeTarget "DTExchangeTestApp" */ = {
			isa = XCConfigurationList;
			buildConfigurations = (
				E88693D81E3DFEDA00B12EAB /* Debug */,
				E88693D91E3DFEDA00B12EAB /* Release */,
			);
			defaultConfigurationIsVisible = 0;
			defaultConfigurationName = Release;
		};
/* End XCConfigurationList section */
	};
	rootObject = E88693A21E3DFED900B12EAB /* Project object */;
}
